{
    "name": "postbase",
    "version": "0.1.0",
    "lockfileVersion": 3,
    "requires": true,
    "packages": {
        "": {
            "name": "postbase",
            "version": "0.1.0",
            "dependencies": {
                "@postbase/backend": "^0.1.0",
                "@postbase/frontend": "^0.1.0"
            }
        },
        "node_modules/@postbase/backend": {
            "version": "0.1.0",
            "resolved": "https://registry.npmjs.org/@postbase/backend/-/backend-0.1.0.tgz",
            "integrity": "sha512-7TKVjpC+SsNFDbSVE+XcFdmTLsFs7XPlb1YwL95+3Azx4zpemT3w0y/JOwnPo6yh4PMGc8GuM/LqzTUsOw1NsQ=="
        },
        "node_modules/@postbase/frontend": {
            "version": "0.1.0",
            "resolved": "https://registry.npmjs.org/@postbase/frontend/-/frontend-0.1.0.tgz",
            "integrity": "sha512-Pat2QNm9CFwmKprLroQhlGkJLYXkP/R0ZD4uh9MbVyplvBfbckDAwUbFjQ8rRrPI802ys/WBMVc6pu0slbDfrw=="
        }
    }
}
